// !$*UTF8*$!
{
	archiveVersion = 1;
	classes = {
	};
	objectVersion = 56;
	objects = {

/* Begin PBXBuildFile section */
		19C714692CA2693E004ED216 /* BlissApp.swift in Sources */ = {isa = PBXBuildFile; fileRef = 19C714682CA2693E004ED216 /* BlissApp.swift */; };
		19C7146B2CA2693E004ED216 /* ContentView.swift in Sources */ = {isa = PBXBuildFile; fileRef = 19C7146A2CA2693E004ED216 /* ContentView.swift */; };
		19C7146D2CA26940004ED216 /* Assets.xcassets in Resources */ = {isa = PBXBuildFile; fileRef = 19C7146C2CA26940004ED216 /* Assets.xcassets */; };
		19C714702CA26940004ED216 /* Preview Assets.xcassets in Resources */ = {isa = PBXBuildFile; fileRef = 19C7146F2CA26940004ED216 /* Preview Assets.xcassets */; };
		19C714722CA26940004ED216 /* Persistence.swift in Sources */ = {isa = PBXBuildFile; fileRef = 19C714712CA26940004ED216 /* Persistence.swift */; };
		19C714752CA26940004ED216 /* Bliss.xcdatamodeld in Sources */ = {isa = PBXBuildFile; fileRef = 19C714732CA26940004ED216 /* Bliss.xcdatamodeld */; };
		19C7147D2CA27359004ED216 /* SplashScreen.swift in Sources */ = {isa = PBXBuildFile; fileRef = 19C7147C2CA27359004ED216 /* SplashScreen.swift */; };
		19C714802CA511B8004ED216 /* IntroScreen.swift in Sources */ = {isa = PBXBuildFile; fileRef = 19C7147F2CA511B8004ED216 /* IntroScreen.swift */; };
		19C714832CA51226004ED216 /* Constants.swift in Sources */ = {isa = PBXBuildFile; fileRef = 19C714822CA51226004ED216 /* Constants.swift */; };
		19C714862CA678CD004ED216 /* Home.swift in Sources */ = {isa = PBXBuildFile; fileRef = 19C714852CA678CD004ED216 /* Home.swift */; };
		19C714892CA67927004ED216 /* Tab.swift in Sources */ = {isa = PBXBuildFile; fileRef = 19C714882CA67927004ED216 /* Tab.swift */; };
		19C7148B2CA679A5004ED216 /* Profile.swift in Sources */ = {isa = PBXBuildFile; fileRef = 19C7148A2CA679A5004ED216 /* Profile.swift */; };
		19C7148D2CA67CE3004ED216 /* Cart.swift in Sources */ = {isa = PBXBuildFile; fileRef = 19C7148C2CA67CE3004ED216 /* Cart.swift */; };
		19C7148F2CA67CFF004ED216 /* Flowers.swift in Sources */ = {isa = PBXBuildFile; fileRef = 19C7148E2CA67CFF004ED216 /* Flowers.swift */; };
		19C714912CABA36B004ED216 /* CustomCrousel.swift in Sources */ = {isa = PBXBuildFile; fileRef = 19C714902CABA36B004ED216 /* CustomCrousel.swift */; };
		19C714A12CADE4BC004ED216 /* LocationSearchActivation.swift in Sources */ = {isa = PBXBuildFile; fileRef = 19C714A02CADE4BC004ED216 /* LocationSearchActivation.swift */; };
		19C714A32CADFEAB004ED216 /* LocationSearchView.swift in Sources */ = {isa = PBXBuildFile; fileRef = 19C714A22CADFEAB004ED216 /* LocationSearchView.swift */; };
		19C714A72CAE0406004ED216 /* LocationSearchResultCell.swift in Sources */ = {isa = PBXBuildFile; fileRef = 19C714A62CAE0406004ED216 /* LocationSearchResultCell.swift */; };
/* End PBXBuildFile section */

/* Begin PBXFileReference section */
		19C714652CA2693E004ED216 /* Bliss.app */ = {isa = PBXFileReference; explicitFileType = wrapper.application; includeInIndex = 0; path = Bliss.app; sourceTree = BUILT_PRODUCTS_DIR; };
		19C714682CA2693E004ED216 /* BlissApp.swift */ = {isa = PBXFileReference; lastKnownFileType = sourcecode.swift; path = BlissApp.swift; sourceTree = "<group>"; };
		19C7146A2CA2693E004ED216 /* ContentView.swift */ = {isa = PBXFileReference; lastKnownFileType = sourcecode.swift; path = ContentView.swift; sourceTree = "<group>"; };
		19C7146C2CA26940004ED216 /* Assets.xcassets */ = {isa = PBXFileReference; lastKnownFileType = folder.assetcatalog; path = Assets.xcassets; sourceTree = "<group>"; };
		19C7146F2CA26940004ED216 /* Preview Assets.xcassets */ = {isa = PBXFileReference; lastKnownFileType = folder.assetcatalog; path = "Preview Assets.xcassets"; sourceTree = "<group>"; };
		19C714712CA26940004ED216 /* Persistence.swift */ = {isa = PBXFileReference; lastKnownFileType = sourcecode.swift; path = Persistence.swift; sourceTree = "<group>"; };
		19C714742CA26940004ED216 /* Bliss.xcdatamodel */ = {isa = PBXFileReference; lastKnownFileType = wrapper.xcdatamodel; path = Bliss.xcdatamodel; sourceTree = "<group>"; };
		19C7147C2CA27359004ED216 /* SplashScreen.swift */ = {isa = PBXFileReference; lastKnownFileType = sourcecode.swift; path = SplashScreen.swift; sourceTree = "<group>"; };
		19C7147E2CA50748004ED216 /* Info.plist */ = {isa = PBXFileReference; lastKnownFileType = text.plist; path = Info.plist; sourceTree = "<group>"; };
		19C7147F2CA511B8004ED216 /* IntroScreen.swift */ = {isa = PBXFileReference; lastKnownFileType = sourcecode.swift; path = IntroScreen.swift; sourceTree = "<group>"; };
		19C714822CA51226004ED216 /* Constants.swift */ = {isa = PBXFileReference; lastKnownFileType = sourcecode.swift; path = Constants.swift; sourceTree = "<group>"; };
		19C714852CA678CD004ED216 /* Home.swift */ = {isa = PBXFileReference; lastKnownFileType = sourcecode.swift; path = Home.swift; sourceTree = "<group>"; };
		19C714882CA67927004ED216 /* Tab.swift */ = {isa = PBXFileReference; lastKnownFileType = sourcecode.swift; path = Tab.swift; sourceTree = "<group>"; };
		19C7148A2CA679A5004ED216 /* Profile.swift */ = {isa = PBXFileReference; lastKnownFileType = sourcecode.swift; path = Profile.swift; sourceTree = "<group>"; };
		19C7148C2CA67CE3004ED216 /* Cart.swift */ = {isa = PBXFileReference; lastKnownFileType = sourcecode.swift; path = Cart.swift; sourceTree = "<group>"; };
		19C7148E2CA67CFF004ED216 /* Flowers.swift */ = {isa = PBXFileReference; lastKnownFileType = sourcecode.swift; path = Flowers.swift; sourceTree = "<group>"; };
		19C714902CABA36B004ED216 /* CustomCrousel.swift */ = {isa = PBXFileReference; lastKnownFileType = sourcecode.swift; path = CustomCrousel.swift; sourceTree = "<group>"; };
		19C714A02CADE4BC004ED216 /* LocationSearchActivation.swift */ = {isa = PBXFileReference; lastKnownFileType = sourcecode.swift; path = LocationSearchActivation.swift; sourceTree = "<group>"; };
		19C714A22CADFEAB004ED216 /* LocationSearchView.swift */ = {isa = PBXFileReference; lastKnownFileType = sourcecode.swift; path = LocationSearchView.swift; sourceTree = "<group>"; };
		19C714A62CAE0406004ED216 /* LocationSearchResultCell.swift */ = {isa = PBXFileReference; lastKnownFileType = sourcecode.swift; path = LocationSearchResultCell.swift; sourceTree = "<group>"; };
/* End PBXFileReference section */

/* Begin PBXFrameworksBuildPhase section */
		19C714622CA2693E004ED216 /* Frameworks */ = {
			isa = PBXFrameworksBuildPhase;
			buildActionMask = 2147483647;
			files = (
			);
			runOnlyForDeploymentPostprocessing = 0;
		};
/* End PBXFrameworksBuildPhase section */

/* Begin PBXGroup section */
		19C7145C2CA2693E004ED216 = {
			isa = PBXGroup;
			children = (
				19C714672CA2693E004ED216 /* Bliss */,
				19C714662CA2693E004ED216 /* Products */,
			);
			sourceTree = "<group>";
		};
		19C714662CA2693E004ED216 /* Products */ = {
			isa = PBXGroup;
			children = (
				19C714652CA2693E004ED216 /* Bliss.app */,
			);
			name = Products;
			sourceTree = "<group>";
		};
		19C714672CA2693E004ED216 /* Bliss */ = {
			isa = PBXGroup;
			children = (
				19C714872CA67919004ED216 /* Model */,
				19C714812CA5120C004ED216 /* Helpers */,
				19C7147E2CA50748004ED216 /* Info.plist */,
				19C7147B2CA2731B004ED216 /* View */,
				19C714682CA2693E004ED216 /* BlissApp.swift */,
				19C7146A2CA2693E004ED216 /* ContentView.swift */,
				19C7146C2CA26940004ED216 /* Assets.xcassets */,
				19C714712CA26940004ED216 /* Persistence.swift */,
				19C714732CA26940004ED216 /* Bliss.xcdatamodeld */,
				19C7146E2CA26940004ED216 /* Preview Content */,
			);
			path = Bliss;
			sourceTree = "<group>";
		};
		19C7146E2CA26940004ED216 /* Preview Content */ = {
			isa = PBXGroup;
			children = (
				19C7146F2CA26940004ED216 /* Preview Assets.xcassets */,
			);
			path = "Preview Content";
			sourceTree = "<group>";
		};
		19C7147B2CA2731B004ED216 /* View */ = {
			isa = PBXGroup;
			children = (
				19C7149D2CADE476004ED216 /* LocationSearch */,
				19C714842CA6789F004ED216 /* TabViews */,
				19C7147C2CA27359004ED216 /* SplashScreen.swift */,
				19C7147F2CA511B8004ED216 /* IntroScreen.swift */,
			);
			path = View;
			sourceTree = "<group>";
		};
		19C714812CA5120C004ED216 /* Helpers */ = {
			isa = PBXGroup;
			children = (
				19C714822CA51226004ED216 /* Constants.swift */,
				19C714902CABA36B004ED216 /* CustomCrousel.swift */,
			);
			path = Helpers;
			sourceTree = "<group>";
		};
		19C714842CA6789F004ED216 /* TabViews */ = {
			isa = PBXGroup;
			children = (
				19C714852CA678CD004ED216 /* Home.swift */,
				19C7148A2CA679A5004ED216 /* Profile.swift */,
				19C7148C2CA67CE3004ED216 /* Cart.swift */,
				19C7148E2CA67CFF004ED216 /* Flowers.swift */,
			);
			path = TabViews;
			sourceTree = "<group>";
		};
		19C714872CA67919004ED216 /* Model */ = {
			isa = PBXGroup;
			children = (
				19C714882CA67927004ED216 /* Tab.swift */,
			);
			path = Model;
			sourceTree = "<group>";
		};
		19C7149D2CADE476004ED216 /* LocationSearch */ = {
			isa = PBXGroup;
			children = (
				19C7149F2CADE49A004ED216 /* ViewModels */,
				19C7149E2CADE48F004ED216 /* Views */,
			);
			path = LocationSearch;
			sourceTree = "<group>";
		};
		19C7149E2CADE48F004ED216 /* Views */ = {
			isa = PBXGroup;
			children = (
				19C714A02CADE4BC004ED216 /* LocationSearchActivation.swift */,
				19C714A22CADFEAB004ED216 /* LocationSearchView.swift */,
				19C714A62CAE0406004ED216 /* LocationSearchResultCell.swift */,
			);
			path = Views;
			sourceTree = "<group>";
		};
		19C7149F2CADE49A004ED216 /* ViewModels */ = {
			isa = PBXGroup;
			children = (
			);
			path = ViewModels;
			sourceTree = "<group>";
		};
/* End PBXGroup section */

/* Begin PBXNativeTarget section */
		19C714642CA2693E004ED216 /* Bliss */ = {
			isa = PBXNativeTarget;
			buildConfigurationList = 19C714782CA26940004ED216 /* Build configuration list for PBXNativeTarget "Bliss" */;
			buildPhases = (
				19C714612CA2693E004ED216 /* Sources */,
				19C714622CA2693E004ED216 /* Frameworks */,
				19C714632CA2693E004ED216 /* Resources */,
			);
			buildRules = (
			);
			dependencies = (
			);
			name = Bliss;
			productName = Bliss;
			productReference = 19C714652CA2693E004ED216 /* Bliss.app */;
			productType = "com.apple.product-type.application";
		};
/* End PBXNativeTarget section */

/* Begin PBXProject section */
		19C7145D2CA2693E004ED216 /* Project object */ = {
			isa = PBXProject;
			attributes = {
				BuildIndependentTargetsInParallel = 1;
				LastSwiftUpdateCheck = 1520;
				LastUpgradeCheck = 1520;
				TargetAttributes = {
					19C714642CA2693E004ED216 = {
						CreatedOnToolsVersion = 15.2;
					};
				};
			};
			buildConfigurationList = 19C714602CA2693E004ED216 /* Build configuration list for PBXProject "Bliss" */;
			compatibilityVersion = "Xcode 14.0";
			developmentRegion = en;
			hasScannedForEncodings = 0;
			knownRegions = (
				en,
				Base,
			);
			mainGroup = 19C7145C2CA2693E004ED216;
			productRefGroup = 19C714662CA2693E004ED216 /* Products */;
			projectDirPath = "";
			projectRoot = "";
			targets = (
				19C714642CA2693E004ED216 /* Bliss */,
			);
		};
/* End PBXProject section */

/* Begin PBXResourcesBuildPhase section */
		19C714632CA2693E004ED216 /* Resources */ = {
			isa = PBXResourcesBuildPhase;
			buildActionMask = 2147483647;
			files = (
				19C714702CA26940004ED216 /* Preview Assets.xcassets in Resources */,
				19C7146D2CA26940004ED216 /* Assets.xcassets in Resources */,
			);
			runOnlyForDeploymentPostprocessing = 0;
		};
/* End PBXResourcesBuildPhase section */

/* Begin PBXSourcesBuildPhase section */
		19C714612CA2693E004ED216 /* Sources */ = {
			isa = PBXSourcesBuildPhase;
			buildActionMask = 2147483647;
			files = (
				19C714722CA26940004ED216 /* Persistence.swift in Sources */,
				19C7148B2CA679A5004ED216 /* Profile.swift in Sources */,
				19C7148F2CA67CFF004ED216 /* Flowers.swift in Sources */,
				19C714912CABA36B004ED216 /* CustomCrousel.swift in Sources */,
				19C714802CA511B8004ED216 /* IntroScreen.swift in Sources */,
				19C7146B2CA2693E004ED216 /* ContentView.swift in Sources */,
				19C714A12CADE4BC004ED216 /* LocationSearchActivation.swift in Sources */,
				19C714A72CAE0406004ED216 /* LocationSearchResultCell.swift in Sources */,
				19C714692CA2693E004ED216 /* BlissApp.swift in Sources */,
				19C714832CA51226004ED216 /* Constants.swift in Sources */,
				19C714752CA26940004ED216 /* Bliss.xcdatamodeld in Sources */,
				19C714A32CADFEAB004ED216 /* LocationSearchView.swift in Sources */,
				19C714892CA67927004ED216 /* Tab.swift in Sources */,
				19C714862CA678CD004ED216 /* Home.swift in Sources */,
				19C7148D2CA67CE3004ED216 /* Cart.swift in Sources */,
				19C7147D2CA27359004ED216 /* SplashScreen.swift in Sources */,
			);
			runOnlyForDeploymentPostprocessing = 0;
		};
/* End PBXSourcesBuildPhase section */

/* Begin XCBuildConfiguration section */
		19C714762CA26940004ED216 /* Debug */ = {
			isa = XCBuildConfiguration;
			buildSettings = {
				ALWAYS_SEARCH_USER_PATHS = NO;
				ASSETCATALOG_COMPILER_GENERATE_SWIFT_ASSET_SYMBOL_EXTENSIONS = YES;
				CLANG_ANALYZER_NONNULL = YES;
				CLANG_ANALYZER_NUMBER_OBJECT_CONVERSION = YES_AGGRESSIVE;
				CLANG_CXX_LANGUAGE_STANDARD = "gnu++20";
				CLANG_ENABLE_MODULES = YES;
				CLANG_ENABLE_OBJC_ARC = YES;
				CLANG_ENABLE_OBJC_WEAK = YES;
				CLANG_WARN_BLOCK_CAPTURE_AUTORELEASING = YES;
				CLANG_WARN_BOOL_CONVERSION = YES;
				CLANG_WARN_COMMA = YES;
				CLANG_WARN_CONSTANT_CONVERSION = YES;
				CLANG_WARN_DEPRECATED_OBJC_IMPLEMENTATIONS = YES;
				CLANG_WARN_DIRECT_OBJC_ISA_USAGE = YES_ERROR;
				CLANG_WARN_DOCUMENTATION_COMMENTS = YES;
				CLANG_WARN_EMPTY_BODY = YES;
				CLANG_WARN_ENUM_CONVERSION = YES;
				CLANG_WARN_INFINITE_RECURSION = YES;
				CLANG_WARN_INT_CONVERSION = YES;
				CLANG_WARN_NON_LITERAL_NULL_CONVERSION = YES;
				CLANG_WARN_OBJC_IMPLICIT_RETAIN_SELF = YES;
				CLANG_WARN_OBJC_LITERAL_CONVERSION = YES;
				CLANG_WARN_OBJC_ROOT_CLASS = YES_ERROR;
				CLANG_WARN_QUOTED_INCLUDE_IN_FRAMEWORK_HEADER = YES;
				CLANG_WARN_RANGE_LOOP_ANALYSIS = YES;
				CLANG_WARN_STRICT_PROTOTYPES = YES;
				CLANG_WARN_SUSPICIOUS_MOVE = YES;
				CLANG_WARN_UNGUARDED_AVAILABILITY = YES_AGGRESSIVE;
				CLANG_WARN_UNREACHABLE_CODE = YES;
				CLANG_WARN__DUPLICATE_METHOD_MATCH = YES;
				COPY_PHASE_STRIP = NO;
				DEBUG_INFORMATION_FORMAT = dwarf;
				ENABLE_STRICT_OBJC_MSGSEND = YES;
				ENABLE_TESTABILITY = YES;
				ENABLE_USER_SCRIPT_SANDBOXING = YES;
				GCC_C_LANGUAGE_STANDARD = gnu17;
				GCC_DYNAMIC_NO_PIC = NO;
				GCC_NO_COMMON_BLOCKS = YES;
				GCC_OPTIMIZATION_LEVEL = 0;
				GCC_PREPROCESSOR_DEFINITIONS = (
					"DEBUG=1",
					"$(inherited)",
				);
				GCC_WARN_64_TO_32_BIT_CONVERSION = YES;
				GCC_WARN_ABOUT_RETURN_TYPE = YES_ERROR;
				GCC_WARN_UNDECLARED_SELECTOR = YES;
				GCC_WARN_UNINITIALIZED_AUTOS = YES_AGGRESSIVE;
				GCC_WARN_UNUSED_FUNCTION = YES;
				GCC_WARN_UNUSED_VARIABLE = YES;
				IPHONEOS_DEPLOYMENT_TARGET = 17.2;
				LOCALIZATION_PREFERS_STRING_CATALOGS = YES;
				MTL_ENABLE_DEBUG_INFO = INCLUDE_SOURCE;
				MTL_FAST_MATH = YES;
				ONLY_ACTIVE_ARCH = YES;
				SDKROOT = iphoneos;
				SWIFT_ACTIVE_COMPILATION_CONDITIONS = "DEBUG $(inherited)";
				SWIFT_OPTIMIZATION_LEVEL = "-Onone";
			};
			name = Debug;
		};
		19C714772CA26940004ED216 /* Release */ = {
			isa = XCBuildConfiguration;
			buildSettings = {
				ALWAYS_SEARCH_USER_PATHS = NO;
				ASSETCATALOG_COMPILER_GENERATE_SWIFT_ASSET_SYMBOL_EXTENSIONS = YES;
				CLANG_ANALYZER_NONNULL = YES;
				CLANG_ANALYZER_NUMBER_OBJECT_CONVERSION = YES_AGGRESSIVE;
				CLANG_CXX_LANGUAGE_STANDARD = "gnu++20";
				CLANG_ENABLE_MODULES = YES;
				CLANG_ENABLE_OBJC_ARC = YES;
				CLANG_ENABLE_OBJC_WEAK = YES;
				CLANG_WARN_BLOCK_CAPTURE_AUTORELEASING = YES;
				CLANG_WARN_BOOL_CONVERSION = YES;
				CLANG_WARN_COMMA = YES;
				CLANG_WARN_CONSTANT_CONVERSION = YES;
				CLANG_WARN_DEPRECATED_OBJC_IMPLEMENTATIONS = YES;
				CLANG_WARN_DIRECT_OBJC_ISA_USAGE = YES_ERROR;
				CLANG_WARN_DOCUMENTATION_COMMENTS = YES;
				CLANG_WARN_EMPTY_BODY = YES;
				CLANG_WARN_ENUM_CONVERSION = YES;
				CLANG_WARN_INFINITE_RECURSION = YES;
				CLANG_WARN_INT_CONVERSION = YES;
				CLANG_WARN_NON_LITERAL_NULL_CONVERSION = YES;
				CLANG_WARN_OBJC_IMPLICIT_RETAIN_SELF = YES;
				CLANG_WARN_OBJC_LITERAL_CONVERSION = YES;
				CLANG_WARN_OBJC_ROOT_CLASS = YES_ERROR;
				CLANG_WARN_QUOTED_INCLUDE_IN_FRAMEWORK_HEADER = YES;
				CLANG_WARN_RANGE_LOOP_ANALYSIS = YES;
				CLANG_WARN_STRICT_PROTOTYPES = YES;
				CLANG_WARN_SUSPICIOUS_MOVE = YES;
				CLANG_WARN_UNGUARDED_AVAILABILITY = YES_AGGRESSIVE;
				CLANG_WARN_UNREACHABLE_CODE = YES;
				CLANG_WARN__DUPLICATE_METHOD_MATCH = YES;
				COPY_PHASE_STRIP = NO;
				DEBUG_INFORMATION_FORMAT = "dwarf-with-dsym";
				ENABLE_NS_ASSERTIONS = NO;
				ENABLE_STRICT_OBJC_MSGSEND = YES;
				ENABLE_USER_SCRIPT_SANDBOXING = YES;
				GCC_C_LANGUAGE_STANDARD = gnu17;
				GCC_NO_COMMON_BLOCKS = YES;
				GCC_WARN_64_TO_32_BIT_CONVERSION = YES;
				GCC_WARN_ABOUT_RETURN_TYPE = YES_ERROR;
				GCC_WARN_UNDECLARED_SELECTOR = YES;
				GCC_WARN_UNINITIALIZED_AUTOS = YES_AGGRESSIVE;
				GCC_WARN_UNUSED_FUNCTION = YES;
				GCC_WARN_UNUSED_VARIABLE = YES;
				IPHONEOS_DEPLOYMENT_TARGET = 17.2;
				LOCALIZATION_PREFERS_STRING_CATALOGS = YES;
				MTL_ENABLE_DEBUG_INFO = NO;
				MTL_FAST_MATH = YES;
				SDKROOT = iphoneos;
				SWIFT_COMPILATION_MODE = wholemodule;
				VALIDATE_PRODUCT = YES;
			};
			name = Release;
		};
		19C714792CA26940004ED216 /* Debug */ = {
			isa = XCBuildConfiguration;
			buildSettings = {
				ASSETCATALOG_COMPILER_APPICON_NAME = AppIcon;
				ASSETCATALOG_COMPILER_GLOBAL_ACCENT_COLOR_NAME = AccentColor;
				CODE_SIGN_STYLE = Automatic;
				CURRENT_PROJECT_VERSION = 1;
				DEVELOPMENT_ASSET_PATHS = "\"Bliss/Preview Content\"";
				DEVELOPMENT_TEAM = PSWHLPCFB2;
				ENABLE_PREVIEWS = YES;
				GENERATE_INFOPLIST_FILE = YES;
				INFOPLIST_FILE = Bliss/Info.plist;
				INFOPLIST_KEY_UIApplicationSceneManifest_Generation = YES;
				INFOPLIST_KEY_UIApplicationSupportsIndirectInputEvents = YES;
				INFOPLIST_KEY_UISupportedInterfaceOrientations_iPad = "UIInterfaceOrientationPortrait UIInterfaceOrientationPortraitUpsideDown UIInterfaceOrientationLandscapeLeft UIInterfaceOrientationLandscapeRight";
				INFOPLIST_KEY_UISupportedInterfaceOrientations_iPhone = "UIInterfaceOrientationPortrait UIInterfaceOrientationLandscapeLeft UIInterfaceOrientationLandscapeRight";
				LD_RUNPATH_SEARCH_PATHS = (
					"$(inherited)",
					"@executable_path/Frameworks",
				);
				MARKETING_VERSION = 1.0;
				PRODUCT_BUNDLE_IDENTIFIER = "Preet-Pambhar.Bliss";
				PRODUCT_NAME = "$(TARGET_NAME)";
				SWIFT_EMIT_LOC_STRINGS = YES;
				SWIFT_VERSION = 5.0;
				TARGETED_DEVICE_FAMILY = "1,2";
			};
			name = Debug;
		};
		19C7147A2CA26940004ED216 /* Release */ = {
			isa = XCBuildConfiguration;
			buildSettings = {
				ASSETCATALOG_COMPILER_APPICON_NAME = AppIcon;
				ASSETCATALOG_COMPILER_GLOBAL_ACCENT_COLOR_NAME = AccentColor;
				CODE_SIGN_STYLE = Automatic;
				CURRENT_PROJECT_VERSION = 1;
				DEVELOPMENT_ASSET_PATHS = "\"Bliss/Preview Content\"";
				DEVELOPMENT_TEAM = PSWHLPCFB2;
				ENABLE_PREVIEWS = YES;
				GENERATE_INFOPLIST_FILE = YES;
				INFOPLIST_FILE = Bliss/Info.plist;
				INFOPLIST_KEY_UIApplicationSceneManifest_Generation = YES;
				INFOPLIST_KEY_UIApplicationSupportsIndirectInputEvents = YES;
				INFOPLIST_KEY_UISupportedInterfaceOrientations_iPad = "UIInterfaceOrientationPortrait UIInterfaceOrientationPortraitUpsideDown UIInterfaceOrientationLandscapeLeft UIInterfaceOrientationLandscapeRight";
				INFOPLIST_KEY_UISupportedInterfaceOrientations_iPhone = "UIInterfaceOrientationPortrait UIInterfaceOrientationLandscapeLeft UIInterfaceOrientationLandscapeRight";
				LD_RUNPATH_SEARCH_PATHS = (
					"$(inherited)",
					"@executable_path/Frameworks",
				);
				MARKETING_VERSION = 1.0;
				PRODUCT_BUNDLE_IDENTIFIER = "Preet-Pambhar.Bliss";
				PRODUCT_NAME = "$(TARGET_NAME)";
				SWIFT_EMIT_LOC_STRINGS = YES;
				SWIFT_VERSION = 5.0;
				TARGETED_DEVICE_FAMILY = "1,2";
			};
			name = Release;
		};
/* End XCBuildConfiguration section */

/* Begin XCConfigurationList section */
		19C714602CA2693E004ED216 /* Build configuration list for PBXProject "Bliss" */ = {
			isa = XCConfigurationList;
			buildConfigurations = (
				19C714762CA26940004ED216 /* Debug */,
				19C714772CA26940004ED216 /* Release */,
			);
			defaultConfigurationIsVisible = 0;
			defaultConfigurationName = Release;
		};
		19C714782CA26940004ED216 /* Build configuration list for PBXNativeTarget "Bliss" */ = {
			isa = XCConfigurationList;
			buildConfigurations = (
				19C714792CA26940004ED216 /* Debug */,
				19C7147A2CA26940004ED216 /* Release */,
			);
			defaultConfigurationIsVisible = 0;
			defaultConfigurationName = Release;
		};
/* End XCConfigurationList section */

/* Begin XCVersionGroup section */
		19C714732CA26940004ED216 /* Bliss.xcdatamodeld */ = {
			isa = XCVersionGroup;
			children = (
				19C714742CA26940004ED216 /* Bliss.xcdatamodel */,
			);
			currentVersion = 19C714742CA26940004ED216 /* Bliss.xcdatamodel */;
			path = Bliss.xcdatamodeld;
			sourceTree = "<group>";
			versionGroupType = wrapper.xcdatamodel;
		};
/* End XCVersionGroup section */
	};
	rootObject = 19C7145D2CA2693E004ED216 /* Project object */;
}
